
Microsoft Visual Studio Solution File, Format Version 12.00
# Visual Studio Version 17
VisualStudioVersion = 17.11.35327.3
MinimumVisualStudioVersion = 10.0.40219.1
Project("{FAE04EC0-301F-11D3-BF4B-00C04F79EFBC}") = "Switch-Case", "Switch-Case.csproj", "{156E59F4-4C5F-4558-AA19-CD8A0F1A436A}"
EndProject
Global
	GlobalSection(SolutionConfigurationPlatforms) = preSolution
		Debug|Any CPU = Debug|Any CPU
		Release|Any CPU = Release|Any CPU
	EndGlobalSection
	GlobalSection(ProjectConfigurationPlatforms) = postSolution
		{156E59F4-4C5F-4558-AA19-CD8A0F1A436A}.Debug|Any CPU.ActiveCfg = Debug|Any CPU
		{156E59F4-4C5F-4558-AA19-CD8A0F1A436A}.Debug|Any CPU.Build.0 = Debug|Any CPU
		{156E59F4-4C5F-4558-AA19-CD8A0F1A436A}.Release|Any CPU.ActiveCfg = Release|Any CPU
		{156E59F4-4C5F-4558-AA19-CD8A0F1A436A}.Release|Any CPU.Build.0 = Release|Any CPU
	EndGlobalSection
	GlobalSection(SolutionProperties) = preSolution
		HideSolutionNode = FALSE
	EndGlobalSection
	GlobalSection(ExtensibilityGlobals) = postSolution
		SolutionGuid = {1720A4EC-17B9-4629-9B6D-B21409BE540E}
	EndGlobalSection
EndGlobal
