
Microsoft Visual Studio Solution File, Format Version 12.00
# Visual Studio Version 17
VisualStudioVersion = 17.11.35327.3
MinimumVisualStudioVersion = 10.0.40219.1
Project("{FAE04EC0-301F-11D3-BF4B-00C04F79EFBC}") = "calculadora simples", "calculadora simples.csproj", "{0375FEB3-D2F9-4254-B21F-3007F97156BD}"
EndProject
Global
	GlobalSection(SolutionConfigurationPlatforms) = preSolution
		Debug|Any CPU = Debug|Any CPU
		Release|Any CPU = Release|Any CPU
	EndGlobalSection
	GlobalSection(ProjectConfigurationPlatforms) = postSolution
		{0375FEB3-D2F9-4254-B21F-3007F97156BD}.Debug|Any CPU.ActiveCfg = Debug|Any CPU
		{0375FEB3-D2F9-4254-B21F-3007F97156BD}.Debug|Any CPU.Build.0 = Debug|Any CPU
		{0375FEB3-D2F9-4254-B21F-3007F97156BD}.Release|Any CPU.ActiveCfg = Release|Any CPU
		{0375FEB3-D2F9-4254-B21F-3007F97156BD}.Release|Any CPU.Build.0 = Release|Any CPU
	EndGlobalSection
	GlobalSection(SolutionProperties) = preSolution
		HideSolutionNode = FALSE
	EndGlobalSection
	GlobalSection(ExtensibilityGlobals) = postSolution
		SolutionGuid = {5B45E99B-2D4B-41D8-921E-7227B2F4CD92}
	EndGlobalSection
EndGlobal
