
Microsoft Visual Studio Solution File, Format Version 12.00
# Visual Studio Version 17
VisualStudioVersion = 17.11.35327.3
MinimumVisualStudioVersion = 10.0.40219.1
Project("{FAE04EC0-301F-11D3-BF4B-00C04F79EFBC}") = "calculadorasimples", "calculadorasimples.csproj", "{33AF6F1B-D563-4063-8EC7-C8B42A4CD7BE}"
EndProject
Global
	GlobalSection(SolutionConfigurationPlatforms) = preSolution
		Debug|Any CPU = Debug|Any CPU
		Release|Any CPU = Release|Any CPU
	EndGlobalSection
	GlobalSection(ProjectConfigurationPlatforms) = postSolution
		{33AF6F1B-D563-4063-8EC7-C8B42A4CD7BE}.Debug|Any CPU.ActiveCfg = Debug|Any CPU
		{33AF6F1B-D563-4063-8EC7-C8B42A4CD7BE}.Debug|Any CPU.Build.0 = Debug|Any CPU
		{33AF6F1B-D563-4063-8EC7-C8B42A4CD7BE}.Release|Any CPU.ActiveCfg = Release|Any CPU
		{33AF6F1B-D563-4063-8EC7-C8B42A4CD7BE}.Release|Any CPU.Build.0 = Release|Any CPU
	EndGlobalSection
	GlobalSection(SolutionProperties) = preSolution
		HideSolutionNode = FALSE
	EndGlobalSection
	GlobalSection(ExtensibilityGlobals) = postSolution
		SolutionGuid = {B6E7256C-266B-4F23-8764-8CD3FE58A5D7}
	EndGlobalSection
EndGlobal
