
Microsoft Visual Studio Solution File, Format Version 12.00
# Visual Studio Version 17
VisualStudioVersion = 17.11.35327.3
MinimumVisualStudioVersion = 10.0.40219.1
Project("{FAE04EC0-301F-11D3-BF4B-00C04F79EFBC}") = "Sidebar menu", "Sidebar menu.csproj", "{BC848620-85C9-4575-A298-5D64177E933A}"
EndProject
Global
	GlobalSection(SolutionConfigurationPlatforms) = preSolution
		Debug|Any CPU = Debug|Any CPU
		Release|Any CPU = Release|Any CPU
	EndGlobalSection
	GlobalSection(ProjectConfigurationPlatforms) = postSolution
		{BC848620-85C9-4575-A298-5D64177E933A}.Debug|Any CPU.ActiveCfg = Debug|Any CPU
		{BC848620-85C9-4575-A298-5D64177E933A}.Debug|Any CPU.Build.0 = Debug|Any CPU
		{BC848620-85C9-4575-A298-5D64177E933A}.Release|Any CPU.ActiveCfg = Release|Any CPU
		{BC848620-85C9-4575-A298-5D64177E933A}.Release|Any CPU.Build.0 = Release|Any CPU
	EndGlobalSection
	GlobalSection(SolutionProperties) = preSolution
		HideSolutionNode = FALSE
	EndGlobalSection
	GlobalSection(ExtensibilityGlobals) = postSolution
		SolutionGuid = {9A7B6E2F-9D9A-41B8-BED2-A42058678EC8}
	EndGlobalSection
EndGlobal
