
Microsoft Visual Studio Solution File, Format Version 12.00
# Visual Studio Version 17
VisualStudioVersion = 17.11.35327.3
MinimumVisualStudioVersion = 10.0.40219.1
Project("{FAE04EC0-301F-11D3-BF4B-00C04F79EFBC}") = "PictureBox", "PictureBox.csproj", "{C0C2E2AC-16B4-45B5-89D5-7E2C434AEC26}"
EndProject
Global
	GlobalSection(SolutionConfigurationPlatforms) = preSolution
		Debug|Any CPU = Debug|Any CPU
		Release|Any CPU = Release|Any CPU
	EndGlobalSection
	GlobalSection(ProjectConfigurationPlatforms) = postSolution
		{C0C2E2AC-16B4-45B5-89D5-7E2C434AEC26}.Debug|Any CPU.ActiveCfg = Debug|Any CPU
		{C0C2E2AC-16B4-45B5-89D5-7E2C434AEC26}.Debug|Any CPU.Build.0 = Debug|Any CPU
		{C0C2E2AC-16B4-45B5-89D5-7E2C434AEC26}.Release|Any CPU.ActiveCfg = Release|Any CPU
		{C0C2E2AC-16B4-45B5-89D5-7E2C434AEC26}.Release|Any CPU.Build.0 = Release|Any CPU
	EndGlobalSection
	GlobalSection(SolutionProperties) = preSolution
		HideSolutionNode = FALSE
	EndGlobalSection
	GlobalSection(ExtensibilityGlobals) = postSolution
		SolutionGuid = {2551FA68-8B85-4A47-A2DA-191CD47D5344}
	EndGlobalSection
EndGlobal
